
Microsoft Visual Studio Solution File, Format Version 12.00
# Visual Studio Version 17
VisualStudioVersion = 17.8.34330.188
MinimumVisualStudioVersion = 10.0.40219.1
Project("{888888A0-9F3D-457C-B088-3A5042F75D52}") = "ChatBot", "ChatBot\ChatBot.pyproj", "{3C680582-DD31-4917-B317-B97756CEEBC5}"
EndProject
Global
	GlobalSection(SolutionConfigurationPlatforms) = preSolution
		Debug|Any CPU = Debug|Any CPU
		Release|Any CPU = Release|Any CPU
	EndGlobalSection
	GlobalSection(ProjectConfigurationPlatforms) = postSolution
		{3C680582-DD31-4917-B317-B97756CEEBC5}.Debug|Any CPU.ActiveCfg = Debug|Any CPU
		{3C680582-DD31-4917-B317-B97756CEEBC5}.Release|Any CPU.ActiveCfg = Release|Any CPU
	EndGlobalSection
	GlobalSection(SolutionProperties) = preSolution
		HideSolutionNode = FALSE
	EndGlobalSection
	GlobalSection(ExtensibilityGlobals) = postSolution
		SolutionGuid = {B84F76EE-15C3-430C-B16E-F4CCEC58C1BE}
	EndGlobalSection
EndGlobal
